// !$*UTF8*$!
{
	archiveVersion = 1;
	classes = {
	};
	objectVersion = 56;
	objects = {

/* Begin PBXBuildFile section */
		AAAA000000000000000000F1 /* AppDelegate.swift in Sources */ = {isa = PBXBuildFile; fileRef = AAAA000000000000000000D1 /* AppDelegate.swift */; };
		AAAA000000000000000000F3 /* ViewController.swift in Sources */ = {isa = PBXBuildFile; fileRef = AAAA000000000000000000D3 /* ViewController.swift */; };
		AAAA000000000000000000F5 /* Assets.xcassets in Resources */ = {isa = PBXBuildFile; fileRef = AAAA000000000000000000D5 /* Assets.xcassets */; };
		AAAA0000000000000000010A /* KeyboardViewController.swift in Sources */ = {isa = PBXBuildFile; fileRef = AAAA000000000000000000E5 /* KeyboardViewController.swift */; };
		AAAA0000000000000000010C /* MorseBoard.appex in Embed Foundation Extensions */ = {isa = PBXBuildFile; fileRef = AAAA000000000000000000C2 /* MorseBoard.appex */; settings = {ATTRIBUTES = (RemoveHeadersOnCopy, ); }; };
		AAAA0000000000000000010E /* MorseKeyboardUITests.swift in Sources */ = {isa = PBXBuildFile; fileRef = AAAA000000000000000000E8 /* MorseKeyboardUITests.swift */; };
/* End PBXBuildFile section */

/* Begin PBXContainerItemProxy section */
		AAAA000000000000000001C2 /* PBXContainerItemProxy */ = {
			isa = PBXContainerItemProxy;
			containerPortal = AAAA000000000000000000A0 /* Project object */;
			proxyType = 1;
			remoteGlobalIDString = AAAA000000000000000000A2;
			remoteInfo = MorseBoard;
		};
		AAAA000000000000000001C4 /* PBXContainerItemProxy */ = {
			isa = PBXContainerItemProxy;
			containerPortal = AAAA000000000000000000A0 /* Project object */;
			proxyType = 1;
			remoteGlobalIDString = AAAA000000000000000000A1;
			remoteInfo = MorseKeyboard;
		};
/* End PBXContainerItemProxy section */

/* Begin PBXCopyFilesBuildPhase section */
		AAAA000000000000000001A4 /* Embed Foundation Extensions */ = {
			isa = PBXCopyFilesBuildPhase;
			buildActionMask = 2147483647;
			dstPath = "";
			dstSubfolderSpec = 13;
			files = (
				AAAA0000000000000000010C /* MorseBoard.appex in Embed Foundation Extensions */,
			);
			name = "Embed Foundation Extensions";
			runOnlyForDeploymentPostprocessing = 0;
		};
/* End PBXCopyFilesBuildPhase section */

/* Begin PBXFileReference section */
		AAAA000000000000000000C1 /* MorseKeyboard.app */ = {isa = PBXFileReference; explicitFileType = wrapper.application; includeInIndex = 0; path = MorseKeyboard.app; sourceTree = BUILT_PRODUCTS_DIR; };
		AAAA000000000000000000C2 /* MorseBoard.appex */ = {isa = PBXFileReference; explicitFileType = "wrapper.app-extension"; includeInIndex = 0; path = MorseBoard.appex; sourceTree = BUILT_PRODUCTS_DIR; };
		AAAA000000000000000000C3 /* MorseKeyboardUITests.xctest */ = {isa = PBXFileReference; explicitFileType = wrapper.cfbundle; includeInIndex = 0; path = MorseKeyboardUITests.xctest; sourceTree = BUILT_PRODUCTS_DIR; };
		AAAA000000000000000000D1 /* AppDelegate.swift */ = {isa = PBXFileReference; lastKnownFileType = sourcecode.swift; path = AppDelegate.swift; sourceTree = "<group>"; };
		AAAA000000000000000000D3 /* ViewController.swift */ = {isa = PBXFileReference; lastKnownFileType = sourcecode.swift; path = ViewController.swift; sourceTree = "<group>"; };
		AAAA000000000000000000D4 /* Info.plist */ = {isa = PBXFileReference; lastKnownFileType = text.plist.xml; path = Info.plist; sourceTree = "<group>"; };
		AAAA000000000000000000D5 /* Assets.xcassets */ = {isa = PBXFileReference; lastKnownFileType = folder.assetcatalog; path = Assets.xcassets; sourceTree = "<group>"; };
		AAAA000000000000000000E5 /* KeyboardViewController.swift */ = {isa = PBXFileReference; lastKnownFileType = sourcecode.swift; path = KeyboardViewController.swift; sourceTree = "<group>"; };
		AAAA000000000000000000E6 /* Info.plist */ = {isa = PBXFileReference; lastKnownFileType = text.plist.xml; path = Info.plist; sourceTree = "<group>"; };
		AAAA000000000000000000E8 /* MorseKeyboardUITests.swift */ = {isa = PBXFileReference; lastKnownFileType = sourcecode.swift; path = MorseKeyboardUITests.swift; sourceTree = "<group>"; };
/* End PBXFileReference section */

/* Begin PBXFrameworksBuildPhase section */
		AAAA000000000000000001A2 /* Frameworks */ = {
			isa = PBXFrameworksBuildPhase;
			buildActionMask = 2147483647;
			files = (
			);
			runOnlyForDeploymentPostprocessing = 0;
		};
		AAAA000000000000000001B2 /* Frameworks */ = {
			isa = PBXFrameworksBuildPhase;
			buildActionMask = 2147483647;
			files = (
			);
			runOnlyForDeploymentPostprocessing = 0;
		};
		AAAA000000000000000001B5 /* Frameworks */ = {
			isa = PBXFrameworksBuildPhase;
			buildActionMask = 2147483647;
			files = (
			);
			runOnlyForDeploymentPostprocessing = 0;
		};
/* End PBXFrameworksBuildPhase section */

/* Begin PBXGroup section */
		AAAA000000000000000000B0 = {
			isa = PBXGroup;
			children = (
				AAAA000000000000000000B1 /* MorseKeyboard */,
				AAAA000000000000000000B2 /* MorseBoard */,
				AAAA000000000000000000B4 /* MorseKeyboardUITests */,
				AAAA000000000000000000B3 /* Products */,
			);
			sourceTree = "<group>";
		};
		AAAA000000000000000000B1 /* MorseKeyboard */ = {
			isa = PBXGroup;
			children = (
				AAAA000000000000000000D1 /* AppDelegate.swift */,
				AAAA000000000000000000D3 /* ViewController.swift */,
				AAAA000000000000000000D5 /* Assets.xcassets */,
				AAAA000000000000000000D4 /* Info.plist */,
			);
			path = MorseKeyboard;
			sourceTree = "<group>";
		};
		AAAA000000000000000000B2 /* MorseBoard */ = {
			isa = PBXGroup;
			children = (
				AAAA000000000000000000E5 /* KeyboardViewController.swift */,
				AAAA000000000000000000E6 /* Info.plist */,
			);
			path = MorseBoard;
			sourceTree = "<group>";
		};
		AAAA000000000000000000B3 /* Products */ = {
			isa = PBXGroup;
			children = (
				AAAA000000000000000000C1 /* MorseKeyboard.app */,
				AAAA000000000000000000C2 /* MorseBoard.appex */,
				AAAA000000000000000000C3 /* MorseKeyboardUITests.xctest */,
			);
			name = Products;
			sourceTree = "<group>";
		};
		AAAA000000000000000000B4 /* MorseKeyboardUITests */ = {
			isa = PBXGroup;
			children = (
				AAAA000000000000000000E8 /* MorseKeyboardUITests.swift */,
			);
			path = MorseKeyboardUITests;
			sourceTree = "<group>";
		};
/* End PBXGroup section */

/* Begin PBXNativeTarget section */
		AAAA000000000000000000A1 /* MorseKeyboard */ = {
			isa = PBXNativeTarget;
			buildConfigurationList = AAAA000000000000000001D1 /* Build configuration list for PBXNativeTarget "MorseKeyboard" */;
			buildPhases = (
				AAAA000000000000000001A1 /* Sources */,
				AAAA000000000000000001A2 /* Frameworks */,
				AAAA000000000000000001A3 /* Resources */,
				AAAA000000000000000001A4 /* Embed Foundation Extensions */,
			);
			buildRules = (
			);
			dependencies = (
				AAAA000000000000000001C1 /* PBXTargetDependency */,
			);
			name = MorseKeyboard;
			productName = MorseKeyboard;
			productReference = AAAA000000000000000000C1 /* MorseKeyboard.app */;
			productType = "com.apple.product-type.application";
		};
		AAAA000000000000000000A2 /* MorseBoard */ = {
			isa = PBXNativeTarget;
			buildConfigurationList = AAAA000000000000000001D2 /* Build configuration list for PBXNativeTarget "MorseBoard" */;
			buildPhases = (
				AAAA000000000000000001B1 /* Sources */,
				AAAA000000000000000001B2 /* Frameworks */,
				AAAA000000000000000001B3 /* Resources */,
			);
			buildRules = (
			);
			dependencies = (
			);
			name = MorseBoard;
			productName = MorseBoard;
			productReference = AAAA000000000000000000C2 /* MorseBoard.appex */;
			productType = "com.apple.product-type.app-extension";
		};
		AAAA000000000000000000A3 /* MorseKeyboardUITests */ = {
			isa = PBXNativeTarget;
			buildConfigurationList = AAAA000000000000000001D3 /* Build configuration list for PBXNativeTarget "MorseKeyboardUITests" */;
			buildPhases = (
				AAAA000000000000000001B4 /* Sources */,
				AAAA000000000000000001B5 /* Frameworks */,
				AAAA000000000000000001B6 /* Resources */,
			);
			buildRules = (
			);
			dependencies = (
				AAAA000000000000000001C3 /* PBXTargetDependency */,
			);
			name = MorseKeyboardUITests;
			productName = MorseKeyboardUITests;
			productReference = AAAA000000000000000000C3 /* MorseKeyboardUITests.xctest */;
			productType = "com.apple.product-type.bundle.ui-testing";
		};
/* End PBXNativeTarget section */

/* Begin PBXProject section */
		AAAA000000000000000000A0 /* Project object */ = {
			isa = PBXProject;
			attributes = {
				BuildIndependentTargetsInParallel = 1;
				LastSwiftUpdateCheck = 1520;
				LastUpgradeCheck = 1520;
				TargetAttributes = {
					AAAA000000000000000000A1 = {
						CreatedOnToolsVersion = 15.2;
					};
					AAAA000000000000000000A2 = {
						CreatedOnToolsVersion = 15.2;
					};
					AAAA000000000000000000A3 = {
						CreatedOnToolsVersion = 15.2;
						TestTargetID = AAAA000000000000000000A1;
					};
				};
			};
			buildConfigurationList = AAAA000000000000000001D0 /* Build configuration list for PBXProject "MorseKeyboard" */;
			compatibilityVersion = "Xcode 14.0";
			developmentRegion = en;
			hasScannedForEncodings = 0;
			knownRegions = (
				en,
				Base,
			);
			mainGroup = AAAA000000000000000000B0;
			productRefGroup = AAAA000000000000000000B3 /* Products */;
			projectDirPath = "";
			projectRoot = "";
			targets = (
				AAAA000000000000000000A1 /* MorseKeyboard */,
				AAAA000000000000000000A2 /* MorseBoard */,
				AAAA000000000000000000A3 /* MorseKeyboardUITests */,
			);
		};
/* End PBXProject section */

/* Begin PBXResourcesBuildPhase section */
		AAAA000000000000000001A3 /* Resources */ = {
			isa = PBXResourcesBuildPhase;
			buildActionMask = 2147483647;
			files = (
				AAAA000000000000000000F5 /* Assets.xcassets in Resources */,
			);
			runOnlyForDeploymentPostprocessing = 0;
		};
		AAAA000000000000000001B3 /* Resources */ = {
			isa = PBXResourcesBuildPhase;
			buildActionMask = 2147483647;
			files = (
			);
			runOnlyForDeploymentPostprocessing = 0;
		};
		AAAA000000000000000001B6 /* Resources */ = {
			isa = PBXResourcesBuildPhase;
			buildActionMask = 2147483647;
			files = (
			);
			runOnlyForDeploymentPostprocessing = 0;
		};
/* End PBXResourcesBuildPhase section */

/* Begin PBXSourcesBuildPhase section */
		AAAA000000000000000001A1 /* Sources */ = {
			isa = PBXSourcesBuildPhase;
			buildActionMask = 2147483647;
			files = (
				AAAA000000000000000000F3 /* ViewController.swift in Sources */,
				AAAA000000000000000000F1 /* AppDelegate.swift in Sources */,
			);
			runOnlyForDeploymentPostprocessing = 0;
		};
		AAAA000000000000000001B1 /* Sources */ = {
			isa = PBXSourcesBuildPhase;
			buildActionMask = 2147483647;
			files = (
				AAAA0000000000000000010A /* KeyboardViewController.swift in Sources */,
			);
			runOnlyForDeploymentPostprocessing = 0;
		};
		AAAA000000000000000001B4 /* Sources */ = {
			isa = PBXSourcesBuildPhase;
			buildActionMask = 2147483647;
			files = (
				AAAA0000000000000000010E /* MorseKeyboardUITests.swift in Sources */,
			);
			runOnlyForDeploymentPostprocessing = 0;
		};
/* End PBXSourcesBuildPhase section */

/* Begin PBXTargetDependency section */
		AAAA000000000000000001C1 /* PBXTargetDependency */ = {
			isa = PBXTargetDependency;
			target = AAAA000000000000000000A2 /* MorseBoard */;
			targetProxy = AAAA000000000000000001C2 /* PBXContainerItemProxy */;
		};
		AAAA000000000000000001C3 /* PBXTargetDependency */ = {
			isa = PBXTargetDependency;
			target = AAAA000000000000000000A1 /* MorseKeyboard */;
			targetProxy = AAAA000000000000000001C4 /* PBXContainerItemProxy */;
		};
/* End PBXTargetDependency section */

/* Begin XCBuildConfiguration section */
		AAAA000000000000000001E0 /* Debug */ = {
			isa = XCBuildConfiguration;
			buildSettings = {
				ALWAYS_SEARCH_USER_PATHS = NO;
				ASSETCATALOG_COMPILER_GENERATE_SWIFT_ASSET_SYMBOL_EXTENSIONS = YES;
				CLANG_ANALYZER_NONNULL = YES;
				CLANG_ENABLE_MODULES = YES;
				CLANG_ENABLE_OBJC_ARC = YES;
				CLANG_WARN_BOOL_CONVERSION = YES;
				CLANG_WARN_DOCUMENTATION_COMMENTS = YES;
				CLANG_WARN_EMPTY_BODY = YES;
				CLANG_WARN_INFINITE_RECURSION = YES;
				CLANG_WARN_UNREACHABLE_CODE = YES;
				COPY_PHASE_STRIP = NO;
				DEBUG_INFORMATION_FORMAT = dwarf;
				ENABLE_STRICT_OBJC_MSGSEND = YES;
				ENABLE_TESTABILITY = YES;
				ENABLE_USER_SCRIPT_SANDBOXING = YES;
				GCC_C_LANGUAGE_STANDARD = gnu17;
				GCC_DYNAMIC_NO_PIC = NO;
				GCC_NO_COMMON_BLOCKS = YES;
				GCC_OPTIMIZATION_LEVEL = 0;
				GCC_PREPROCESSOR_DEFINITIONS = (
					"DEBUG=1",
					"$(inherited)",
				);
				GCC_WARN_UNINITIALIZED_AUTOS = YES_AGGRESSIVE;
				GCC_WARN_UNUSED_VARIABLE = YES;
				IPHONEOS_DEPLOYMENT_TARGET = 15.0;
				MTL_ENABLE_DEBUG_INFO = INCLUDE_SOURCE;
				MTL_FAST_MATH = YES;
				ONLY_ACTIVE_ARCH = YES;
				SDKROOT = iphoneos;
				SWIFT_ACTIVE_COMPILATION_CONDITIONS = "DEBUG $(inherited)";
				SWIFT_OPTIMIZATION_LEVEL = "-Onone";
				SWIFT_VERSION = 5.0;
			};
			name = Debug;
		};
		AAAA000000000000000001E1 /* Release */ = {
			isa = XCBuildConfiguration;
			buildSettings = {
				ALWAYS_SEARCH_USER_PATHS = NO;
				ASSETCATALOG_COMPILER_GENERATE_SWIFT_ASSET_SYMBOL_EXTENSIONS = YES;
				CLANG_ANALYZER_NONNULL = YES;
				CLANG_ENABLE_MODULES = YES;
				CLANG_ENABLE_OBJC_ARC = YES;
				CLANG_WARN_BOOL_CONVERSION = YES;
				CLANG_WARN_DOCUMENTATION_COMMENTS = YES;
				CLANG_WARN_EMPTY_BODY = YES;
				CLANG_WARN_INFINITE_RECURSION = YES;
				CLANG_WARN_UNREACHABLE_CODE = YES;
				COPY_PHASE_STRIP = NO;
				DEBUG_INFORMATION_FORMAT = "dwarf-with-dsym";
				ENABLE_NS_ASSERTIONS = NO;
				ENABLE_STRICT_OBJC_MSGSEND = YES;
				ENABLE_USER_SCRIPT_SANDBOXING = YES;
				GCC_C_LANGUAGE_STANDARD = gnu17;
				GCC_NO_COMMON_BLOCKS = YES;
				GCC_WARN_UNINITIALIZED_AUTOS = YES_AGGRESSIVE;
				GCC_WARN_UNUSED_VARIABLE = YES;
				IPHONEOS_DEPLOYMENT_TARGET = 15.0;
				MTL_ENABLE_DEBUG_INFO = NO;
				MTL_FAST_MATH = YES;
				SDKROOT = iphoneos;
				SWIFT_COMPILATION_MODE = wholemodule;
				SWIFT_VERSION = 5.0;
				VALIDATE_PRODUCT = YES;
			};
			name = Release;
		};
		AAAA000000000000000001E2 /* Debug */ = {
			isa = XCBuildConfiguration;
			buildSettings = {
				ASSETCATALOG_COMPILER_APPICON_NAME = AppIcon;
				ASSETCATALOG_COMPILER_GLOBAL_ACCENT_COLOR_NAME = AccentColor;
				CODE_SIGN_STYLE = Automatic;
				CURRENT_PROJECT_VERSION = 1;
				DEVELOPMENT_TEAM = "";
				GENERATE_INFOPLIST_FILE = NO;
				INFOPLIST_FILE = MorseKeyboard/Info.plist;
				LD_RUNPATH_SEARCH_PATHS = (
					"$(inherited)",
					"@executable_path/Frameworks",
				);
				MARKETING_VERSION = 1.0;
				PRODUCT_BUNDLE_IDENTIFIER = com.faaris.MorseKeyboard;
				PRODUCT_NAME = "$(TARGET_NAME)";
				SWIFT_EMIT_LOC_STRINGS = YES;
				TARGETED_DEVICE_FAMILY = "1,2";
			};
			name = Debug;
		};
		AAAA000000000000000001E3 /* Release */ = {
			isa = XCBuildConfiguration;
			buildSettings = {
				ASSETCATALOG_COMPILER_APPICON_NAME = AppIcon;
				ASSETCATALOG_COMPILER_GLOBAL_ACCENT_COLOR_NAME = AccentColor;
				CODE_SIGN_STYLE = Automatic;
				CURRENT_PROJECT_VERSION = 1;
				DEVELOPMENT_TEAM = "";
				GENERATE_INFOPLIST_FILE = NO;
				INFOPLIST_FILE = MorseKeyboard/Info.plist;
				LD_RUNPATH_SEARCH_PATHS = (
					"$(inherited)",
					"@executable_path/Frameworks",
				);
				MARKETING_VERSION = 1.0;
				PRODUCT_BUNDLE_IDENTIFIER = com.faaris.MorseKeyboard;
				PRODUCT_NAME = "$(TARGET_NAME)";
				SWIFT_EMIT_LOC_STRINGS = YES;
				TARGETED_DEVICE_FAMILY = "1,2";
			};
			name = Release;
		};
		AAAA000000000000000001E4 /* Debug */ = {
			isa = XCBuildConfiguration;
			buildSettings = {
				CODE_SIGN_STYLE = Automatic;
				CURRENT_PROJECT_VERSION = 1;
				DEVELOPMENT_TEAM = "";
				GENERATE_INFOPLIST_FILE = NO;
				INFOPLIST_FILE = MorseBoard/Info.plist;
				LD_RUNPATH_SEARCH_PATHS = (
					"$(inherited)",
					"@executable_path/Frameworks",
					"@executable_path/../../Frameworks",
				);
				MARKETING_VERSION = 1.0;
				PRODUCT_BUNDLE_IDENTIFIER = com.faaris.MorseKeyboard.MorseBoard;
				PRODUCT_NAME = "$(TARGET_NAME)";
				SKIP_INSTALL = YES;
				SWIFT_EMIT_LOC_STRINGS = YES;
				TARGETED_DEVICE_FAMILY = "1,2";
			};
			name = Debug;
		};
		AAAA000000000000000001E5 /* Release */ = {
			isa = XCBuildConfiguration;
			buildSettings = {
				CODE_SIGN_STYLE = Automatic;
				CURRENT_PROJECT_VERSION = 1;
				DEVELOPMENT_TEAM = "";
				GENERATE_INFOPLIST_FILE = NO;
				INFOPLIST_FILE = MorseBoard/Info.plist;
				LD_RUNPATH_SEARCH_PATHS = (
					"$(inherited)",
					"@executable_path/Frameworks",
					"@executable_path/../../Frameworks",
				);
				MARKETING_VERSION = 1.0;
				PRODUCT_BUNDLE_IDENTIFIER = com.faaris.MorseKeyboard.MorseBoard;
				PRODUCT_NAME = "$(TARGET_NAME)";
				SKIP_INSTALL = YES;
				SWIFT_EMIT_LOC_STRINGS = YES;
				TARGETED_DEVICE_FAMILY = "1,2";
			};
			name = Release;
		};
		AAAA000000000000000001E6 /* Debug */ = {
			isa = XCBuildConfiguration;
			buildSettings = {
				CODE_SIGN_STYLE = Automatic;
				CURRENT_PROJECT_VERSION = 1;
				GENERATE_INFOPLIST_FILE = YES;
				MARKETING_VERSION = 1.0;
				PRODUCT_BUNDLE_IDENTIFIER = com.faaris.MorseKeyboardUITests;
				PRODUCT_NAME = "$(TARGET_NAME)";
				SWIFT_EMIT_LOC_STRINGS = NO;
				TARGETED_DEVICE_FAMILY = "1,2";
				TEST_TARGET_NAME = MorseKeyboard;
			};
			name = Debug;
		};
		AAAA000000000000000001E7 /* Release */ = {
			isa = XCBuildConfiguration;
			buildSettings = {
				CODE_SIGN_STYLE = Automatic;
				CURRENT_PROJECT_VERSION = 1;
				GENERATE_INFOPLIST_FILE = YES;
				MARKETING_VERSION = 1.0;
				PRODUCT_BUNDLE_IDENTIFIER = com.faaris.MorseKeyboardUITests;
				PRODUCT_NAME = "$(TARGET_NAME)";
				SWIFT_EMIT_LOC_STRINGS = NO;
				TARGETED_DEVICE_FAMILY = "1,2";
				TEST_TARGET_NAME = MorseKeyboard;
			};
			name = Release;
		};
/* End XCBuildConfiguration section */

/* Begin XCConfigurationList section */
		AAAA000000000000000001D0 /* Build configuration list for PBXProject "MorseKeyboard" */ = {
			isa = XCConfigurationList;
			buildConfigurations = (
				AAAA000000000000000001E0 /* Debug */,
				AAAA000000000000000001E1 /* Release */,
			);
			defaultConfigurationIsVisible = 0;
			defaultConfigurationName = Release;
		};
		AAAA000000000000000001D1 /* Build configuration list for PBXNativeTarget "MorseKeyboard" */ = {
			isa = XCConfigurationList;
			buildConfigurations = (
				AAAA000000000000000001E2 /* Debug */,
				AAAA000000000000000001E3 /* Release */,
			);
			defaultConfigurationIsVisible = 0;
			defaultConfigurationName = Release;
		};
		AAAA000000000000000001D2 /* Build configuration list for PBXNativeTarget "MorseBoard" */ = {
			isa = XCConfigurationList;
			buildConfigurations = (
				AAAA000000000000000001E4 /* Debug */,
				AAAA000000000000000001E5 /* Release */,
			);
			defaultConfigurationIsVisible = 0;
			defaultConfigurationName = Release;
		};
		AAAA000000000000000001D3 /* Build configuration list for PBXNativeTarget "MorseKeyboardUITests" */ = {
			isa = XCConfigurationList;
			buildConfigurations = (
				AAAA000000000000000001E6 /* Debug */,
				AAAA000000000000000001E7 /* Release */,
			);
			defaultConfigurationIsVisible = 0;
			defaultConfigurationName = Release;
		};
/* End XCConfigurationList section */
	};
	rootObject = AAAA000000000000000000A0 /* Project object */;
}
